
Microsoft Visual Studio Solution File, Format Version 12.00
# Visual Studio Version 17
VisualStudioVersion = 17.13.35931.197 d17.13
MinimumVisualStudioVersion = 10.0.40219.1
Project("{FAE04EC0-301F-11D3-BF4B-00C04F79EFBC}") = "PROGRAM 04", "PROGRAM 04.csproj", "{A8024FFD-2990-497C-943C-C89FF738958D}"
EndProject
Global
	GlobalSection(SolutionConfigurationPlatforms) = preSolution
		Debug|Any CPU = Debug|Any CPU
		Release|Any CPU = Release|Any CPU
	EndGlobalSection
	GlobalSection(ProjectConfigurationPlatforms) = postSolution
		{A8024FFD-2990-497C-943C-C89FF738958D}.Debug|Any CPU.ActiveCfg = Debug|Any CPU
		{A8024FFD-2990-497C-943C-C89FF738958D}.Debug|Any CPU.Build.0 = Debug|Any CPU
		{A8024FFD-2990-497C-943C-C89FF738958D}.Release|Any CPU.ActiveCfg = Release|Any CPU
		{A8024FFD-2990-497C-943C-C89FF738958D}.Release|Any CPU.Build.0 = Release|Any CPU
	EndGlobalSection
	GlobalSection(SolutionProperties) = preSolution
		HideSolutionNode = FALSE
	EndGlobalSection
	GlobalSection(ExtensibilityGlobals) = postSolution
		SolutionGuid = {3F61164C-51F6-4BE0-BFED-A664B2F0FD78}
	EndGlobalSection
EndGlobal
